
Microsoft Visual Studio Solution File, Format Version 12.00
# Visual Studio Version 16
VisualStudioVersion = 16.0.30011.22
MinimumVisualStudioVersion = 10.0.40219.1
Project("{9A19103F-16F7-4668-BE54-9A1E7A4F7556}") = "Application", "Application.csproj", "{542A42D9-F0BE-4609-84CE-C5C5085CF792}"
EndProject
Project("{9A19103F-16F7-4668-BE54-9A1E7A4F7556}") = "MVVMDataLayer", "..\MVVMDataLayer\MVVMDataLayer.csproj", "{89B0D2E0-1F80-47B8-8D05-2B1918C196FE}"
EndProject
Project("{9A19103F-16F7-4668-BE54-9A1E7A4F7556}") = "MVVMEntityLayer", "..\MVVMEntityLayer\MVVMEntityLayer.csproj", "{92965BAA-AA07-4773-989A-31BDA8AD5403}"
EndProject
Project("{9A19103F-16F7-4668-BE54-9A1E7A4F7556}") = "MVVMViewModelLayer", "..\MVVMViewModelLayer\MVVMViewModelLayer.csproj", "{BD1EC50C-F235-4966-99BE-A3ACD1055B22}"
EndProject
Global
	GlobalSection(SolutionConfigurationPlatforms) = preSolution
		Debug|Any CPU = Debug|Any CPU
		Release|Any CPU = Release|Any CPU
	EndGlobalSection
	GlobalSection(ProjectConfigurationPlatforms) = postSolution
		{542A42D9-F0BE-4609-84CE-C5C5085CF792}.Debug|Any CPU.ActiveCfg = Debug|Any CPU
		{542A42D9-F0BE-4609-84CE-C5C5085CF792}.Debug|Any CPU.Build.0 = Debug|Any CPU
		{542A42D9-F0BE-4609-84CE-C5C5085CF792}.Release|Any CPU.ActiveCfg = Release|Any CPU
		{542A42D9-F0BE-4609-84CE-C5C5085CF792}.Release|Any CPU.Build.0 = Release|Any CPU
		{89B0D2E0-1F80-47B8-8D05-2B1918C196FE}.Debug|Any CPU.ActiveCfg = Debug|Any CPU
		{89B0D2E0-1F80-47B8-8D05-2B1918C196FE}.Debug|Any CPU.Build.0 = Debug|Any CPU
		{89B0D2E0-1F80-47B8-8D05-2B1918C196FE}.Release|Any CPU.ActiveCfg = Release|Any CPU
		{89B0D2E0-1F80-47B8-8D05-2B1918C196FE}.Release|Any CPU.Build.0 = Release|Any CPU
		{92965BAA-AA07-4773-989A-31BDA8AD5403}.Debug|Any CPU.ActiveCfg = Debug|Any CPU
		{92965BAA-AA07-4773-989A-31BDA8AD5403}.Debug|Any CPU.Build.0 = Debug|Any CPU
		{92965BAA-AA07-4773-989A-31BDA8AD5403}.Release|Any CPU.ActiveCfg = Release|Any CPU
		{92965BAA-AA07-4773-989A-31BDA8AD5403}.Release|Any CPU.Build.0 = Release|Any CPU
		{BD1EC50C-F235-4966-99BE-A3ACD1055B22}.Debug|Any CPU.ActiveCfg = Debug|Any CPU
		{BD1EC50C-F235-4966-99BE-A3ACD1055B22}.Debug|Any CPU.Build.0 = Debug|Any CPU
		{BD1EC50C-F235-4966-99BE-A3ACD1055B22}.Release|Any CPU.ActiveCfg = Release|Any CPU
		{BD1EC50C-F235-4966-99BE-A3ACD1055B22}.Release|Any CPU.Build.0 = Release|Any CPU
	EndGlobalSection
	GlobalSection(SolutionProperties) = preSolution
		HideSolutionNode = FALSE
	EndGlobalSection
	GlobalSection(ExtensibilityGlobals) = postSolution
		SolutionGuid = {A8FC1033-9951-4A9A-A2D0-7240B56BDD71}
	EndGlobalSection
EndGlobal
