
Microsoft Visual Studio Solution File, Format Version 12.00
# Visual Studio Version 16
VisualStudioVersion = 16.0.30804.86
MinimumVisualStudioVersion = 10.0.40219.1
Project("{9A19103F-16F7-4668-BE54-9A1E7A4F7556}") = "MVVMViewModelLayer", "MVVMViewModelLayer.csproj", "{92FF111F-B47C-4952-BE7B-89FE3D9A8E74}"
EndProject
Global
	GlobalSection(SolutionConfigurationPlatforms) = preSolution
		Debug|Any CPU = Debug|Any CPU
		Release|Any CPU = Release|Any CPU
	EndGlobalSection
	GlobalSection(ProjectConfigurationPlatforms) = postSolution
		{92FF111F-B47C-4952-BE7B-89FE3D9A8E74}.Debug|Any CPU.ActiveCfg = Debug|Any CPU
		{92FF111F-B47C-4952-BE7B-89FE3D9A8E74}.Debug|Any CPU.Build.0 = Debug|Any CPU
		{92FF111F-B47C-4952-BE7B-89FE3D9A8E74}.Release|Any CPU.ActiveCfg = Release|Any CPU
		{92FF111F-B47C-4952-BE7B-89FE3D9A8E74}.Release|Any CPU.Build.0 = Release|Any CPU
	EndGlobalSection
	GlobalSection(SolutionProperties) = preSolution
		HideSolutionNode = FALSE
	EndGlobalSection
	GlobalSection(ExtensibilityGlobals) = postSolution
		SolutionGuid = {F3866A4A-8B3B-4B91-A9EA-E6362040EEC6}
	EndGlobalSection
EndGlobal
